
Microsoft Visual Studio Solution File, Format Version 12.00
# Visual Studio 2013
VisualStudioVersion = 12.0.31101.0
MinimumVisualStudioVersion = 10.0.40219.1
Project("{FAE04EC0-301F-11D3-BF4B-00C04F79EFBC}") = "Security.RandomGen", "Security.RandomGen\Security.RandomGen.csproj", "{B80451E2-31A2-467E-88C4-6E33A64EF023}"
EndProject
Project("{FAE04EC0-301F-11D3-BF4B-00C04F79EFBC}") = "Security.RandomGen.UI", "Securiry.RandomGen.UI\Security.RandomGen.UI.csproj", "{8909708F-DF38-4F3C-A793-AF11071C27E4}"
EndProject
Project("{FAE04EC0-301F-11D3-BF4B-00C04F79EFBC}") = "Security.Hashing", "Security.Hashing\Security.Hashing.csproj", "{6087763E-8751-48FA-8AA2-339DA1CF4423}"
EndProject
Project("{FAE04EC0-301F-11D3-BF4B-00C04F79EFBC}") = "Security.Hashing.Tests", "Security.Hashing.Tests\Security.Hashing.Tests.csproj", "{8B916EA3-BE38-487D-9DD0-D6C9024FD5DB}"
EndProject
Global
	GlobalSection(SolutionConfigurationPlatforms) = preSolution
		Debug|Any CPU = Debug|Any CPU
		Release|Any CPU = Release|Any CPU
	EndGlobalSection
	GlobalSection(ProjectConfigurationPlatforms) = postSolution
		{B80451E2-31A2-467E-88C4-6E33A64EF023}.Debug|Any CPU.ActiveCfg = Debug|Any CPU
		{B80451E2-31A2-467E-88C4-6E33A64EF023}.Debug|Any CPU.Build.0 = Debug|Any CPU
		{B80451E2-31A2-467E-88C4-6E33A64EF023}.Release|Any CPU.ActiveCfg = Release|Any CPU
		{B80451E2-31A2-467E-88C4-6E33A64EF023}.Release|Any CPU.Build.0 = Release|Any CPU
		{8909708F-DF38-4F3C-A793-AF11071C27E4}.Debug|Any CPU.ActiveCfg = Debug|Any CPU
		{8909708F-DF38-4F3C-A793-AF11071C27E4}.Debug|Any CPU.Build.0 = Debug|Any CPU
		{8909708F-DF38-4F3C-A793-AF11071C27E4}.Release|Any CPU.ActiveCfg = Release|Any CPU
		{8909708F-DF38-4F3C-A793-AF11071C27E4}.Release|Any CPU.Build.0 = Release|Any CPU
		{6087763E-8751-48FA-8AA2-339DA1CF4423}.Debug|Any CPU.ActiveCfg = Debug|Any CPU
		{6087763E-8751-48FA-8AA2-339DA1CF4423}.Debug|Any CPU.Build.0 = Debug|Any CPU
		{6087763E-8751-48FA-8AA2-339DA1CF4423}.Release|Any CPU.ActiveCfg = Release|Any CPU
		{6087763E-8751-48FA-8AA2-339DA1CF4423}.Release|Any CPU.Build.0 = Release|Any CPU
		{8B916EA3-BE38-487D-9DD0-D6C9024FD5DB}.Debug|Any CPU.ActiveCfg = Debug|Any CPU
		{8B916EA3-BE38-487D-9DD0-D6C9024FD5DB}.Debug|Any CPU.Build.0 = Debug|Any CPU
		{8B916EA3-BE38-487D-9DD0-D6C9024FD5DB}.Release|Any CPU.ActiveCfg = Release|Any CPU
		{8B916EA3-BE38-487D-9DD0-D6C9024FD5DB}.Release|Any CPU.Build.0 = Release|Any CPU
	EndGlobalSection
	GlobalSection(SolutionProperties) = preSolution
		HideSolutionNode = FALSE
	EndGlobalSection
EndGlobal
